{
  "nodes": {
    "autodocodec-src": {
      "flake": false,
      "locked": {
        "lastModified": 1665078597,
        "narHash": "sha256-LB9+OU9kMDrIJ0X7Uo0OY+hr4l8HXKcRABL949luiCQ=",
        "owner": "NorfairKing",
        "repo": "autodocodec",
        "rev": "c8c6965d97a04fb483c03c0a8479533f252a34d7",
        "type": "github"
      },
      "original": {
        "owner": "NorfairKing",
        "repo": "autodocodec",
        "rev": "c8c6965d97a04fb483c03c0a8479533f252a34d7",
        "type": "github"
      }
    },
    "flake-compat-ci": {
      "locked": {
        "lastModified": 1646664117,
        "narHash": "sha256-AX2VewPcS9eRsoirVHfnk07MHAOH6CTDiD10XtRaZbk=",
        "owner": "hercules-ci",
        "repo": "flake-compat-ci",
        "rev": "e588637b2eec4261ed0d36335c83a117f2744dea",
        "type": "github"
      },
      "original": {
        "owner": "hercules-ci",
        "repo": "flake-compat-ci",
        "type": "github"
      }
    },
    "flake-utils": {
      "locked": {
        "lastModified": 1659877975,
        "narHash": "sha256-zllb8aq3YO3h8B/U0/J1WBgAL8EX5yWf5pMj3G0NAmc=",
        "owner": "numtide",
        "repo": "flake-utils",
        "rev": "c0e246b9b83f637f4681389ecabcb2681b4f3af0",
        "type": "github"
      },
      "original": {
        "owner": "numtide",
        "repo": "flake-utils",
        "type": "github"
      }
    },
    "flake-utils_2": {
      "locked": {
        "lastModified": 1644229661,
        "narHash": "sha256-1YdnJAsNy69bpcjuoKdOYQX0YxZBiCYZo4Twxerqv7k=",
        "owner": "numtide",
        "repo": "flake-utils",
        "rev": "3cecb5b042f7f209c56ffd8371b2711a290ec797",
        "type": "github"
      },
      "original": {
        "owner": "numtide",
        "repo": "flake-utils",
        "type": "github"
      }
    },
    "lint-utils": {
      "inputs": {
        "flake-utils": "flake-utils_2",
        "nixpkgs": [
          "nixpkgs"
        ]
      },
      "locked": {
        "lastModified": 1655192403,
        "narHash": "sha256-XyKDvRGDh8VXA6zN8DUTnDaTMrk0MxMKg70MaAX1A2Y=",
        "ref": "refs/heads/master",
        "rev": "a7ae54afdc4c05a5aabf202d5a76d02705eb6147",
        "revCount": 28,
        "type": "git",
        "url": "https://gitlab.homotopic.tech/nix/lint-utils"
      },
      "original": {
        "type": "git",
        "url": "https://gitlab.homotopic.tech/nix/lint-utils"
      }
    },
    "nixpkgs": {
      "locked": {
        "lastModified": 1665056165,
        "narHash": "sha256-2C7VfNphJa0FxPoT+suMOmUDVrQ5RIE+NKfDWqElvE4=",
        "owner": "nixos",
        "repo": "nixpkgs",
        "rev": "27a89ba43b0fb735ce867e8ab3d2442f8cc61dad",
        "type": "github"
      },
      "original": {
        "owner": "nixos",
        "ref": "nixpkgs-unstable",
        "repo": "nixpkgs",
        "type": "github"
      }
    },
    "root": {
      "inputs": {
        "autodocodec-src": "autodocodec-src",
        "flake-compat-ci": "flake-compat-ci",
        "flake-utils": "flake-utils",
        "lint-utils": "lint-utils",
        "nixpkgs": "nixpkgs",
        "safe-coloured-text-src": "safe-coloured-text-src"
      }
    },
    "safe-coloured-text-src": {
      "flake": false,
      "locked": {
        "lastModified": 1656461051,
        "narHash": "sha256-xvUNcPnn8LXlB4cHlLHrcnwMw3YNqOVn1US4UCYSjqI=",
        "owner": "NorfairKing",
        "repo": "safe-coloured-text",
        "rev": "675cb01fce5f46718416d7746de5b856ed90a63f",
        "type": "github"
      },
      "original": {
        "owner": "NorfairKing",
        "repo": "safe-coloured-text",
        "rev": "675cb01fce5f46718416d7746de5b856ed90a63f",
        "type": "github"
      }
    }
  },
  "root": "root",
  "version": 7
}
